// !$*UTF8*$!
{
	archiveVersion = 1;
	classes = {
	};
	objectVersion = 46;
	objects = {

/* Begin PBXBuildFile section */
		1D60589B0D05DD56006BFB54 /* main.m in Sources */ = {isa = PBXBuildFile; fileRef = 29B97316FDCFA39411CA2CEA /* main.m */; };
		1D60589F0D05DD5A006BFB54 /* Foundation.framework in Frameworks */ = {isa = PBXBuildFile; fileRef = 1D30AB110D05D00D00671497 /* Foundation.framework */; };
		1DF5F4E00D08C38300B7A737 /* UIKit.framework in Frameworks */ = {isa = PBXBuildFile; fileRef = 1DF5F4DF0D08C38300B7A737 /* UIKit.framework */; };
		288765A50DF7441C002DB57D /* CoreGraphics.framework in Frameworks */ = {isa = PBXBuildFile; fileRef = 288765A40DF7441C002DB57D /* CoreGraphics.framework */; };
		28AD733F0D9D9553002E5188 /* MainWindow.xib in Resources */ = {isa = PBXBuildFile; fileRef = 28AD733E0D9D9553002E5188 /* MainWindow.xib */; };
		372261FF11BEB490000A8E9E /* SpeechKit.framework in Frameworks */ = {isa = PBXBuildFile; fileRef = 3776E443119E05A500A25513 /* SpeechKit.framework */; };
		37670F5F119A0069008A608D /* AudioToolbox.framework in Frameworks */ = {isa = PBXBuildFile; fileRef = 37670F5E119A0069008A608D /* AudioToolbox.framework */; };
		37670F7A119A03C5008A608D /* SystemConfiguration.framework in Frameworks */ = {isa = PBXBuildFile; fileRef = 37670F79119A03C5008A608D /* SystemConfiguration.framework */; };
		37A7448C11BD768700D02E62 /* DMRecognizerAppDelegate.m in Sources */ = {isa = PBXBuildFile; fileRef = 37A7448911BD768700D02E62 /* DMRecognizerAppDelegate.m */; };
		37A7448D11BD768700D02E62 /* DMRecognizerViewController.m in Sources */ = {isa = PBXBuildFile; fileRef = 37A7448B11BD768700D02E62 /* DMRecognizerViewController.m */; };
		37A7451F11BD835300D02E62 /* AppIcon.png in Resources */ = {isa = PBXBuildFile; fileRef = 37A7451E11BD835300D02E62 /* AppIcon.png */; };
		923526BD139EB05E004D17F4 /* MainWindow_Debug.xib in Resources */ = {isa = PBXBuildFile; fileRef = 923526BC139EB05E004D17F4 /* MainWindow_Debug.xib */; };
		92527E5A131D5F30005E9741 /* Security.framework in Frameworks */ = {isa = PBXBuildFile; fileRef = 92527E59131D5F30005E9741 /* Security.framework */; };
		92527F1D131D61AD005E9741 /* CFNetwork.framework in Frameworks */ = {isa = PBXBuildFile; fileRef = 92527F1C131D61AD005E9741 /* CFNetwork.framework */; };
		C338967C1215ABFA00ADBC45 /* AVFoundation.framework in Frameworks */ = {isa = PBXBuildFile; fileRef = C338967B1215ABFA00ADBC45 /* AVFoundation.framework */; };
		C33897AE1215AFB700ADBC45 /* earcon_done_listening.wav in Resources */ = {isa = PBXBuildFile; fileRef = C33897AB1215AFB700ADBC45 /* earcon_done_listening.wav */; };
		C33897B01215AFB700ADBC45 /* earcon_listening.wav in Resources */ = {isa = PBXBuildFile; fileRef = C33897AD1215AFB700ADBC45 /* earcon_listening.wav */; };
		C33897C11215B49800ADBC45 /* earcon_cancel.wav in Resources */ = {isa = PBXBuildFile; fileRef = C33897C01215B49800ADBC45 /* earcon_cancel.wav */; };
/* End PBXBuildFile section */

/* Begin PBXFileReference section */
		1D30AB110D05D00D00671497 /* Foundation.framework */ = {isa = PBXFileReference; lastKnownFileType = wrapper.framework; name = Foundation.framework; path = System/Library/Frameworks/Foundation.framework; sourceTree = SDKROOT; };
		1D6058910D05DD3D006BFB54 /* Recognizer.app */ = {isa = PBXFileReference; explicitFileType = wrapper.application; includeInIndex = 0; path = Recognizer.app; sourceTree = BUILT_PRODUCTS_DIR; };
		1DF5F4DF0D08C38300B7A737 /* UIKit.framework */ = {isa = PBXFileReference; lastKnownFileType = wrapper.framework; name = UIKit.framework; path = System/Library/Frameworks/UIKit.framework; sourceTree = SDKROOT; };
		288765A40DF7441C002DB57D /* CoreGraphics.framework */ = {isa = PBXFileReference; lastKnownFileType = wrapper.framework; name = CoreGraphics.framework; path = System/Library/Frameworks/CoreGraphics.framework; sourceTree = SDKROOT; };
		28AD733E0D9D9553002E5188 /* MainWindow.xib */ = {isa = PBXFileReference; lastKnownFileType = file.xib; path = MainWindow.xib; sourceTree = "<group>"; };
		29B97316FDCFA39411CA2CEA /* main.m */ = {isa = PBXFileReference; fileEncoding = 4; lastKnownFileType = sourcecode.c.objc; path = main.m; sourceTree = "<group>"; };
		37670F5E119A0069008A608D /* AudioToolbox.framework */ = {isa = PBXFileReference; lastKnownFileType = wrapper.framework; name = AudioToolbox.framework; path = System/Library/Frameworks/AudioToolbox.framework; sourceTree = SDKROOT; };
		37670F79119A03C5008A608D /* SystemConfiguration.framework */ = {isa = PBXFileReference; lastKnownFileType = wrapper.framework; name = SystemConfiguration.framework; path = System/Library/Frameworks/SystemConfiguration.framework; sourceTree = SDKROOT; };
		3776E443119E05A500A25513 /* SpeechKit.framework */ = {isa = PBXFileReference; lastKnownFileType = wrapper.framework; path = SpeechKit.framework; sourceTree = "<group>"; };
		37A7448811BD768700D02E62 /* DMRecognizerAppDelegate.h */ = {isa = PBXFileReference; fileEncoding = 4; lastKnownFileType = sourcecode.c.h; path = DMRecognizerAppDelegate.h; sourceTree = "<group>"; };
		37A7448911BD768700D02E62 /* DMRecognizerAppDelegate.m */ = {isa = PBXFileReference; fileEncoding = 4; lastKnownFileType = sourcecode.c.objc; path = DMRecognizerAppDelegate.m; sourceTree = "<group>"; };
		37A7448A11BD768700D02E62 /* DMRecognizerViewController.h */ = {isa = PBXFileReference; fileEncoding = 4; lastKnownFileType = sourcecode.c.h; path = DMRecognizerViewController.h; sourceTree = "<group>"; };
		37A7448B11BD768700D02E62 /* DMRecognizerViewController.m */ = {isa = PBXFileReference; fileEncoding = 4; lastKnownFileType = sourcecode.c.objc; path = DMRecognizerViewController.m; sourceTree = "<group>"; };
		37A7448E11BD769800D02E62 /* DMRecognizer_Prefix.pch */ = {isa = PBXFileReference; fileEncoding = 4; lastKnownFileType = sourcecode.c.h; path = DMRecognizer_Prefix.pch; sourceTree = "<group>"; };
		37A7448F11BD76A800D02E62 /* DMRecognizer-Info.plist */ = {isa = PBXFileReference; fileEncoding = 4; lastKnownFileType = text.plist.xml; path = "DMRecognizer-Info.plist"; sourceTree = "<group>"; };
		37A7451E11BD835300D02E62 /* AppIcon.png */ = {isa = PBXFileReference; lastKnownFileType = image.png; path = AppIcon.png; sourceTree = "<group>"; };
		923526BC139EB05E004D17F4 /* MainWindow_Debug.xib */ = {isa = PBXFileReference; lastKnownFileType = file.xib; path = MainWindow_Debug.xib; sourceTree = "<group>"; };
		92527E59131D5F30005E9741 /* Security.framework */ = {isa = PBXFileReference; lastKnownFileType = wrapper.framework; name = Security.framework; path = System/Library/Frameworks/Security.framework; sourceTree = SDKROOT; };
		92527F1C131D61AD005E9741 /* CFNetwork.framework */ = {isa = PBXFileReference; lastKnownFileType = wrapper.framework; name = CFNetwork.framework; path = System/Library/Frameworks/CFNetwork.framework; sourceTree = SDKROOT; };
		C338967B1215ABFA00ADBC45 /* AVFoundation.framework */ = {isa = PBXFileReference; lastKnownFileType = wrapper.framework; name = AVFoundation.framework; path = System/Library/Frameworks/AVFoundation.framework; sourceTree = SDKROOT; };
		C33897AB1215AFB700ADBC45 /* earcon_done_listening.wav */ = {isa = PBXFileReference; lastKnownFileType = audio.wav; path = earcon_done_listening.wav; sourceTree = "<group>"; };
		C33897AD1215AFB700ADBC45 /* earcon_listening.wav */ = {isa = PBXFileReference; lastKnownFileType = audio.wav; path = earcon_listening.wav; sourceTree = "<group>"; };
		C33897C01215B49800ADBC45 /* earcon_cancel.wav */ = {isa = PBXFileReference; lastKnownFileType = audio.wav; path = earcon_cancel.wav; sourceTree = "<group>"; };
/* End PBXFileReference section */

/* Begin PBXFrameworksBuildPhase section */
		1D60588F0D05DD3D006BFB54 /* Frameworks */ = {
			isa = PBXFrameworksBuildPhase;
			buildActionMask = 2147483647;
			files = (
				372261FF11BEB490000A8E9E /* SpeechKit.framework in Frameworks */,
				1D60589F0D05DD5A006BFB54 /* Foundation.framework in Frameworks */,
				1DF5F4E00D08C38300B7A737 /* UIKit.framework in Frameworks */,
				288765A50DF7441C002DB57D /* CoreGraphics.framework in Frameworks */,
				37670F5F119A0069008A608D /* AudioToolbox.framework in Frameworks */,
				37670F7A119A03C5008A608D /* SystemConfiguration.framework in Frameworks */,
				C338967C1215ABFA00ADBC45 /* AVFoundation.framework in Frameworks */,
				92527E5A131D5F30005E9741 /* Security.framework in Frameworks */,
				92527F1D131D61AD005E9741 /* CFNetwork.framework in Frameworks */,
			);
			runOnlyForDeploymentPostprocessing = 0;
		};
/* End PBXFrameworksBuildPhase section */

/* Begin PBXGroup section */
		080E96DDFE201D6D7F000001 /* Classes */ = {
			isa = PBXGroup;
			children = (
				37A7448811BD768700D02E62 /* DMRecognizerAppDelegate.h */,
				37A7448911BD768700D02E62 /* DMRecognizerAppDelegate.m */,
				37A7448A11BD768700D02E62 /* DMRecognizerViewController.h */,
				37A7448B11BD768700D02E62 /* DMRecognizerViewController.m */,
			);
			path = Classes;
			sourceTree = "<group>";
		};
		19C28FACFE9D520D11CA2CBB /* Products */ = {
			isa = PBXGroup;
			children = (
				1D6058910D05DD3D006BFB54 /* Recognizer.app */,
			);
			name = Products;
			sourceTree = "<group>";
		};
		29B97314FDCFA39411CA2CEA /* CustomTemplate */ = {
			isa = PBXGroup;
			children = (
				080E96DDFE201D6D7F000001 /* Classes */,
				29B97315FDCFA39411CA2CEA /* Other Sources */,
				29B97317FDCFA39411CA2CEA /* Resources */,
				29B97323FDCFA39411CA2CEA /* Frameworks */,
				19C28FACFE9D520D11CA2CBB /* Products */,
			);
			name = CustomTemplate;
			sourceTree = "<group>";
		};
		29B97315FDCFA39411CA2CEA /* Other Sources */ = {
			isa = PBXGroup;
			children = (
				37A7448E11BD769800D02E62 /* DMRecognizer_Prefix.pch */,
				29B97316FDCFA39411CA2CEA /* main.m */,
			);
			name = "Other Sources";
			sourceTree = "<group>";
		};
		29B97317FDCFA39411CA2CEA /* Resources */ = {
			isa = PBXGroup;
			children = (
				C33897C01215B49800ADBC45 /* earcon_cancel.wav */,
				C33897AB1215AFB700ADBC45 /* earcon_done_listening.wav */,
				C33897AD1215AFB700ADBC45 /* earcon_listening.wav */,
				37A7451E11BD835300D02E62 /* AppIcon.png */,
				37A7448F11BD76A800D02E62 /* DMRecognizer-Info.plist */,
				28AD733E0D9D9553002E5188 /* MainWindow.xib */,
				923526BC139EB05E004D17F4 /* MainWindow_Debug.xib */,
			);
			name = Resources;
			sourceTree = "<group>";
		};
		29B97323FDCFA39411CA2CEA /* Frameworks */ = {
			isa = PBXGroup;
			children = (
				37670F5E119A0069008A608D /* AudioToolbox.framework */,
				C338967B1215ABFA00ADBC45 /* AVFoundation.framework */,
				92527F1C131D61AD005E9741 /* CFNetwork.framework */,
				288765A40DF7441C002DB57D /* CoreGraphics.framework */,
				1D30AB110D05D00D00671497 /* Foundation.framework */,
				92527E59131D5F30005E9741 /* Security.framework */,
				3776E443119E05A500A25513 /* SpeechKit.framework */,
				37670F79119A03C5008A608D /* SystemConfiguration.framework */,
				1DF5F4DF0D08C38300B7A737 /* UIKit.framework */,
			);
			name = Frameworks;
			sourceTree = "<group>";
		};
/* End PBXGroup section */

/* Begin PBXNativeTarget section */
		1D6058900D05DD3D006BFB54 /* DMRecognizer */ = {
			isa = PBXNativeTarget;
			buildConfigurationList = 1D6058960D05DD3E006BFB54 /* Build configuration list for PBXNativeTarget "DMRecognizer" */;
			buildPhases = (
				1D60588D0D05DD3D006BFB54 /* Resources */,
				1D60588E0D05DD3D006BFB54 /* Sources */,
				1D60588F0D05DD3D006BFB54 /* Frameworks */,
			);
			buildRules = (
			);
			dependencies = (
			);
			name = DMRecognizer;
			productName = DMRecognizer;
			productReference = 1D6058910D05DD3D006BFB54 /* Recognizer.app */;
			productType = "com.apple.product-type.application";
		};
/* End PBXNativeTarget section */

/* Begin PBXProject section */
		29B97313FDCFA39411CA2CEA /* Project object */ = {
			isa = PBXProject;
			attributes = {
				LastUpgradeCheck = 0410;
			};
			buildConfigurationList = C01FCF4E08A954540054247B /* Build configuration list for PBXProject "DMRecognizer" */;
			compatibilityVersion = "Xcode 3.2";
			developmentRegion = English;
			hasScannedForEncodings = 1;
			knownRegions = (
				English,
				Japanese,
				French,
				German,
			);
			mainGroup = 29B97314FDCFA39411CA2CEA /* CustomTemplate */;
			projectDirPath = "";
			projectRoot = "";
			targets = (
				1D6058900D05DD3D006BFB54 /* DMRecognizer */,
			);
		};
/* End PBXProject section */

/* Begin PBXResourcesBuildPhase section */
		1D60588D0D05DD3D006BFB54 /* Resources */ = {
			isa = PBXResourcesBuildPhase;
			buildActionMask = 2147483647;
			files = (
				28AD733F0D9D9553002E5188 /* MainWindow.xib in Resources */,
				37A7451F11BD835300D02E62 /* AppIcon.png in Resources */,
				C33897AE1215AFB700ADBC45 /* earcon_done_listening.wav in Resources */,
				C33897B01215AFB700ADBC45 /* earcon_listening.wav in Resources */,
				C33897C11215B49800ADBC45 /* earcon_cancel.wav in Resources */,
				923526BD139EB05E004D17F4 /* MainWindow_Debug.xib in Resources */,
			);
			runOnlyForDeploymentPostprocessing = 0;
		};
/* End PBXResourcesBuildPhase section */

/* Begin PBXSourcesBuildPhase section */
		1D60588E0D05DD3D006BFB54 /* Sources */ = {
			isa = PBXSourcesBuildPhase;
			buildActionMask = 2147483647;
			files = (
				1D60589B0D05DD56006BFB54 /* main.m in Sources */,
				37A7448C11BD768700D02E62 /* DMRecognizerAppDelegate.m in Sources */,
				37A7448D11BD768700D02E62 /* DMRecognizerViewController.m in Sources */,
			);
			runOnlyForDeploymentPostprocessing = 0;
		};
/* End PBXSourcesBuildPhase section */

/* Begin XCBuildConfiguration section */
		1D6058940D05DD3E006BFB54 /* Debug */ = {
			isa = XCBuildConfiguration;
			buildSettings = {
				ALWAYS_SEARCH_USER_PATHS = NO;
				ARCHS = (
					"$(ARCHS_STANDARD_32_BIT)",
					armv6,
				);
				COPY_PHASE_STRIP = NO;
				FRAMEWORK_SEARCH_PATHS = (
					"$(inherited)",
					"\"$(SRCROOT)\"",
				);
				GCC_DYNAMIC_NO_PIC = NO;
				GCC_OPTIMIZATION_LEVEL = 0;
				GCC_PRECOMPILE_PREFIX_HEADER = YES;
				GCC_PREFIX_HEADER = DMRecognizer_Prefix.pch;
				GCC_VERSION = "";
				INFOPLIST_FILE = "DMRecognizer-Info.plist";
				IPHONEOS_DEPLOYMENT_TARGET = 4.3;
				LIBRARY_SEARCH_PATHS = "$(inherited)";
				"OTHER_CFLAGS[arch=armv6]" = "-mno-thumb";
				"OTHER_CFLAGS[arch=armv7]" = "";
				PRODUCT_NAME = Recognizer;
			};
			name = Debug;
		};
		1D6058950D05DD3E006BFB54 /* Release */ = {
			isa = XCBuildConfiguration;
			buildSettings = {
				ALWAYS_SEARCH_USER_PATHS = NO;
				ARCHS = (
					"$(ARCHS_STANDARD_32_BIT)",
					armv6,
				);
				COPY_PHASE_STRIP = YES;
				FRAMEWORK_SEARCH_PATHS = (
					"$(inherited)",
					"\"$(SRCROOT)\"",
				);
				GCC_PRECOMPILE_PREFIX_HEADER = YES;
				GCC_PREFIX_HEADER = DMRecognizer_Prefix.pch;
				GCC_VERSION = "";
				INFOPLIST_FILE = "DMRecognizer-Info.plist";
				IPHONEOS_DEPLOYMENT_TARGET = 4.3;
				LIBRARY_SEARCH_PATHS = "$(inherited)";
				"OTHER_CFLAGS[arch=armv6]" = (
					"-DNS_BLOCK_ASSERTIONS=1",
					"-mno-thumb",
				);
				"OTHER_CFLAGS[arch=armv7]" = "-DNS_BLOCK_ASSERTIONS=1";
				PRODUCT_NAME = Recognizer;
				VALIDATE_PRODUCT = YES;
			};
			name = Release;
		};
		C01FCF4F08A954540054247B /* Debug */ = {
			isa = XCBuildConfiguration;
			buildSettings = {
				ARCHS = "$(ARCHS_STANDARD_32_BIT)";
				"CODE_SIGN_IDENTITY[sdk=iphoneos*]" = "iPhone Developer";
				GCC_C_LANGUAGE_STANDARD = c99;
				GCC_WARN_ABOUT_RETURN_TYPE = YES;
				GCC_WARN_UNUSED_VARIABLE = YES;
				IPHONEOS_DEPLOYMENT_TARGET = 3.0;
				SDKROOT = iphoneos;
			};
			name = Debug;
		};
		C01FCF5008A954540054247B /* Release */ = {
			isa = XCBuildConfiguration;
			buildSettings = {
				ARCHS = "$(ARCHS_STANDARD_32_BIT)";
				"CODE_SIGN_IDENTITY[sdk=iphoneos*]" = "iPhone Developer";
				GCC_C_LANGUAGE_STANDARD = c99;
				GCC_WARN_ABOUT_RETURN_TYPE = YES;
				GCC_WARN_UNUSED_VARIABLE = YES;
				IPHONEOS_DEPLOYMENT_TARGET = 3.0;
				OTHER_CFLAGS = "-DNS_BLOCK_ASSERTIONS=1";
				SDKROOT = iphoneos;
			};
			name = Release;
		};
/* End XCBuildConfiguration section */

/* Begin XCConfigurationList section */
		1D6058960D05DD3E006BFB54 /* Build configuration list for PBXNativeTarget "DMRecognizer" */ = {
			isa = XCConfigurationList;
			buildConfigurations = (
				1D6058940D05DD3E006BFB54 /* Debug */,
				1D6058950D05DD3E006BFB54 /* Release */,
			);
			defaultConfigurationIsVisible = 0;
			defaultConfigurationName = Release;
		};
		C01FCF4E08A954540054247B /* Build configuration list for PBXProject "DMRecognizer" */ = {
			isa = XCConfigurationList;
			buildConfigurations = (
				C01FCF4F08A954540054247B /* Debug */,
				C01FCF5008A954540054247B /* Release */,
			);
			defaultConfigurationIsVisible = 0;
			defaultConfigurationName = Release;
		};
/* End XCConfigurationList section */
	};
	rootObject = 29B97313FDCFA39411CA2CEA /* Project object */;
}
